
Microsoft Visual Studio Solution File, Format Version 12.00
# Visual Studio Version 17
VisualStudioVersion = 17.3.32929.385
MinimumVisualStudioVersion = 10.0.40219.1
Project("{FAE04EC0-301F-11D3-BF4B-00C04F79EFBC}") = "leap-year-kata", "leap-year-kata\leap-year-kata.csproj", "{487E1C12-497F-4E3C-9B06-45F6408B9A28}"
EndProject
Project("{FAE04EC0-301F-11D3-BF4B-00C04F79EFBC}") = "leap-year-tests", "leap-year-tests\leap-year-tests.csproj", "{5CA4C760-B5AB-4173-885B-2B106700E411}"
EndProject
Global
	GlobalSection(SolutionConfigurationPlatforms) = preSolution
		Debug|Any CPU = Debug|Any CPU
		Release|Any CPU = Release|Any CPU
	EndGlobalSection
	GlobalSection(ProjectConfigurationPlatforms) = postSolution
		{487E1C12-497F-4E3C-9B06-45F6408B9A28}.Debug|Any CPU.ActiveCfg = Debug|Any CPU
		{487E1C12-497F-4E3C-9B06-45F6408B9A28}.Debug|Any CPU.Build.0 = Debug|Any CPU
		{487E1C12-497F-4E3C-9B06-45F6408B9A28}.Release|Any CPU.ActiveCfg = Release|Any CPU
		{487E1C12-497F-4E3C-9B06-45F6408B9A28}.Release|Any CPU.Build.0 = Release|Any CPU
		{5CA4C760-B5AB-4173-885B-2B106700E411}.Debug|Any CPU.ActiveCfg = Debug|Any CPU
		{5CA4C760-B5AB-4173-885B-2B106700E411}.Debug|Any CPU.Build.0 = Debug|Any CPU
		{5CA4C760-B5AB-4173-885B-2B106700E411}.Release|Any CPU.ActiveCfg = Release|Any CPU
		{5CA4C760-B5AB-4173-885B-2B106700E411}.Release|Any CPU.Build.0 = Release|Any CPU
	EndGlobalSection
	GlobalSection(SolutionProperties) = preSolution
		HideSolutionNode = FALSE
	EndGlobalSection
	GlobalSection(ExtensibilityGlobals) = postSolution
		SolutionGuid = {0AC6E132-66DA-4356-89A9-184E9EB32827}
	EndGlobalSection
EndGlobal
